
Microsoft Visual Studio Solution File, Format Version 12.00
# Visual Studio Version 16
VisualStudioVersion = 16.0.30413.136
MinimumVisualStudioVersion = 10.0.40219.1
Project("{FAE04EC0-301F-11D3-BF4B-00C04F79EFBC}") = "MVC", "MVC\MVC.csproj", "{20E73823-2372-4E0F-B9A2-C7CAD60E6F9F}"
EndProject
Project("{FAE04EC0-301F-11D3-BF4B-00C04F79EFBC}") = "DAL", "DAL\DAL.csproj", "{CAC479AF-6601-4BBB-8698-BC81E8631B07}"
EndProject
Project("{2150E333-8FDC-42A3-9474-1A3956D46DE8}") = "BLL", "BLL", "{95AC0C83-24DF-4FC5-8E42-77437123F688}"
EndProject
Project("{FAE04EC0-301F-11D3-BF4B-00C04F79EFBC}") = "Entities", "BLL\Entities\Entities.csproj", "{FBB6A1A7-CB33-42A4-A4C4-B35A70BCA4D8}"
EndProject
Project("{FAE04EC0-301F-11D3-BF4B-00C04F79EFBC}") = "Repositories", "BLL\Repositories\Repositories.csproj", "{C0B08CF8-84DB-4117-B16F-19B640233743}"
EndProject
Project("{2150E333-8FDC-42A3-9474-1A3956D46DE8}") = "SRV", "SRV", "{60BF252D-DC69-4998-96B5-E3DE3FFBE2F3}"
EndProject
Project("{FAE04EC0-301F-11D3-BF4B-00C04F79EFBC}") = "ProdService", "SRV\ProdService\ProdService.csproj", "{362EF007-CF84-41C5-846A-6D697DCBA561}"
EndProject
Project("{FAE04EC0-301F-11D3-BF4B-00C04F79EFBC}") = "ViewModel", "SRV\ViewModel\ViewModel.csproj", "{BF959BC1-6B97-46D5-A8CE-BC3966975068}"
EndProject
Project("{FAE04EC0-301F-11D3-BF4B-00C04F79EFBC}") = "ServiceInterface", "SRV\ServiceInterface\ServiceInterface.csproj", "{1E5668C7-5184-4241-AB50-D034DC612445}"
EndProject
Project("{FAE04EC0-301F-11D3-BF4B-00C04F79EFBC}") = "MockService", "SRV\MockService\MockService.csproj", "{4E61DB4E-D1AD-4C90-81C8-72727B8D96E7}"
EndProject
Global
	GlobalSection(SolutionConfigurationPlatforms) = preSolution
		Debug|Any CPU = Debug|Any CPU
		Release|Any CPU = Release|Any CPU
	EndGlobalSection
	GlobalSection(ProjectConfigurationPlatforms) = postSolution
		{20E73823-2372-4E0F-B9A2-C7CAD60E6F9F}.Debug|Any CPU.ActiveCfg = Debug|Any CPU
		{20E73823-2372-4E0F-B9A2-C7CAD60E6F9F}.Debug|Any CPU.Build.0 = Debug|Any CPU
		{20E73823-2372-4E0F-B9A2-C7CAD60E6F9F}.Release|Any CPU.ActiveCfg = Release|Any CPU
		{20E73823-2372-4E0F-B9A2-C7CAD60E6F9F}.Release|Any CPU.Build.0 = Release|Any CPU
		{CAC479AF-6601-4BBB-8698-BC81E8631B07}.Debug|Any CPU.ActiveCfg = Debug|Any CPU
		{CAC479AF-6601-4BBB-8698-BC81E8631B07}.Debug|Any CPU.Build.0 = Debug|Any CPU
		{CAC479AF-6601-4BBB-8698-BC81E8631B07}.Release|Any CPU.ActiveCfg = Release|Any CPU
		{CAC479AF-6601-4BBB-8698-BC81E8631B07}.Release|Any CPU.Build.0 = Release|Any CPU
		{FBB6A1A7-CB33-42A4-A4C4-B35A70BCA4D8}.Debug|Any CPU.ActiveCfg = Debug|Any CPU
		{FBB6A1A7-CB33-42A4-A4C4-B35A70BCA4D8}.Debug|Any CPU.Build.0 = Debug|Any CPU
		{FBB6A1A7-CB33-42A4-A4C4-B35A70BCA4D8}.Release|Any CPU.ActiveCfg = Release|Any CPU
		{FBB6A1A7-CB33-42A4-A4C4-B35A70BCA4D8}.Release|Any CPU.Build.0 = Release|Any CPU
		{C0B08CF8-84DB-4117-B16F-19B640233743}.Debug|Any CPU.ActiveCfg = Debug|Any CPU
		{C0B08CF8-84DB-4117-B16F-19B640233743}.Debug|Any CPU.Build.0 = Debug|Any CPU
		{C0B08CF8-84DB-4117-B16F-19B640233743}.Release|Any CPU.ActiveCfg = Release|Any CPU
		{C0B08CF8-84DB-4117-B16F-19B640233743}.Release|Any CPU.Build.0 = Release|Any CPU
		{362EF007-CF84-41C5-846A-6D697DCBA561}.Debug|Any CPU.ActiveCfg = Debug|Any CPU
		{362EF007-CF84-41C5-846A-6D697DCBA561}.Debug|Any CPU.Build.0 = Debug|Any CPU
		{362EF007-CF84-41C5-846A-6D697DCBA561}.Release|Any CPU.ActiveCfg = Release|Any CPU
		{362EF007-CF84-41C5-846A-6D697DCBA561}.Release|Any CPU.Build.0 = Release|Any CPU
		{BF959BC1-6B97-46D5-A8CE-BC3966975068}.Debug|Any CPU.ActiveCfg = Debug|Any CPU
		{BF959BC1-6B97-46D5-A8CE-BC3966975068}.Debug|Any CPU.Build.0 = Debug|Any CPU
		{BF959BC1-6B97-46D5-A8CE-BC3966975068}.Release|Any CPU.ActiveCfg = Release|Any CPU
		{BF959BC1-6B97-46D5-A8CE-BC3966975068}.Release|Any CPU.Build.0 = Release|Any CPU
		{1E5668C7-5184-4241-AB50-D034DC612445}.Debug|Any CPU.ActiveCfg = Debug|Any CPU
		{1E5668C7-5184-4241-AB50-D034DC612445}.Debug|Any CPU.Build.0 = Debug|Any CPU
		{1E5668C7-5184-4241-AB50-D034DC612445}.Release|Any CPU.ActiveCfg = Release|Any CPU
		{1E5668C7-5184-4241-AB50-D034DC612445}.Release|Any CPU.Build.0 = Release|Any CPU
		{4E61DB4E-D1AD-4C90-81C8-72727B8D96E7}.Debug|Any CPU.ActiveCfg = Debug|Any CPU
		{4E61DB4E-D1AD-4C90-81C8-72727B8D96E7}.Debug|Any CPU.Build.0 = Debug|Any CPU
		{4E61DB4E-D1AD-4C90-81C8-72727B8D96E7}.Release|Any CPU.ActiveCfg = Release|Any CPU
		{4E61DB4E-D1AD-4C90-81C8-72727B8D96E7}.Release|Any CPU.Build.0 = Release|Any CPU
	EndGlobalSection
	GlobalSection(SolutionProperties) = preSolution
		HideSolutionNode = FALSE
	EndGlobalSection
	GlobalSection(NestedProjects) = preSolution
		{FBB6A1A7-CB33-42A4-A4C4-B35A70BCA4D8} = {95AC0C83-24DF-4FC5-8E42-77437123F688}
		{C0B08CF8-84DB-4117-B16F-19B640233743} = {95AC0C83-24DF-4FC5-8E42-77437123F688}
		{362EF007-CF84-41C5-846A-6D697DCBA561} = {60BF252D-DC69-4998-96B5-E3DE3FFBE2F3}
		{BF959BC1-6B97-46D5-A8CE-BC3966975068} = {60BF252D-DC69-4998-96B5-E3DE3FFBE2F3}
		{1E5668C7-5184-4241-AB50-D034DC612445} = {60BF252D-DC69-4998-96B5-E3DE3FFBE2F3}
		{4E61DB4E-D1AD-4C90-81C8-72727B8D96E7} = {60BF252D-DC69-4998-96B5-E3DE3FFBE2F3}
	EndGlobalSection
	GlobalSection(ExtensibilityGlobals) = postSolution
		SolutionGuid = {029D5833-8472-41B8-B61E-CB6DAC5D356F}
	EndGlobalSection
EndGlobal
